
Microsoft Visual Studio Solution File, Format Version 12.00
# Visual Studio Version 17
VisualStudioVersion = 17.4.33110.190
MinimumVisualStudioVersion = 10.0.40219.1
Project("{FAE04EC0-301F-11D3-BF4B-00C04F79EFBC}") = "CoverOne.Application", "CoverOne.Application\CoverOne.Application.csproj", "{AC02F514-1502-49D2-A09A-B64635A378BF}"
EndProject
Global
	GlobalSection(SolutionConfigurationPlatforms) = preSolution
		Debug|Any CPU = Debug|Any CPU
		Release|Any CPU = Release|Any CPU
	EndGlobalSection
	GlobalSection(ProjectConfigurationPlatforms) = postSolution
		{AC02F514-1502-49D2-A09A-B64635A378BF}.Debug|Any CPU.ActiveCfg = Debug|Any CPU
		{AC02F514-1502-49D2-A09A-B64635A378BF}.Debug|Any CPU.Build.0 = Debug|Any CPU
		{AC02F514-1502-49D2-A09A-B64635A378BF}.Release|Any CPU.ActiveCfg = Release|Any CPU
		{AC02F514-1502-49D2-A09A-B64635A378BF}.Release|Any CPU.Build.0 = Release|Any CPU
	EndGlobalSection
	GlobalSection(SolutionProperties) = preSolution
		HideSolutionNode = FALSE
	EndGlobalSection
	GlobalSection(ExtensibilityGlobals) = postSolution
		SolutionGuid = {82267BF3-D671-43ED-8C3A-2B01D66DD8A8}
	EndGlobalSection
EndGlobal
